
Microsoft Visual Studio Solution File, Format Version 12.00
# Visual Studio Version 17
VisualStudioVersion = 17.0.32112.339
MinimumVisualStudioVersion = 10.0.40219.1
Project("{FAE04EC0-301F-11D3-BF4B-00C04F79EFBC}") = "01-ByteBank", "01-ByteBank\01-ByteBank.csproj", "{AD61399A-1F15-4056-A0FB-930DD90732A6}"
EndProject
Project("{FAE04EC0-301F-11D3-BF4B-00C04F79EFBC}") = "02-ByteBank", "02-ByteBank\02-ByteBank.csproj", "{2751DBF7-A83D-4AFD-AA78-27C8596901C0}"
EndProject
Project("{FAE04EC0-301F-11D3-BF4B-00C04F79EFBC}") = "03-ByteBank", "3-ByteBank\03-ByteBank.csproj", "{63CFBD9B-7CB7-4713-A556-41EDF99F8CE1}"
EndProject
Project("{FAE04EC0-301F-11D3-BF4B-00C04F79EFBC}") = "04-ByteBank", "04-ByteBank\04-ByteBank.csproj", "{9E375D51-3DB4-4050-BA8F-3844343AFE90}"
EndProject
Project("{FAE04EC0-301F-11D3-BF4B-00C04F79EFBC}") = "05-ByteBank", "05-ByteBank\05-ByteBank.csproj", "{74AA7AD6-C3DB-4057-9CAA-7C8248B44BA5}"
EndProject
Global
	GlobalSection(SolutionConfigurationPlatforms) = preSolution
		Debug|Any CPU = Debug|Any CPU
		Release|Any CPU = Release|Any CPU
	EndGlobalSection
	GlobalSection(ProjectConfigurationPlatforms) = postSolution
		{AD61399A-1F15-4056-A0FB-930DD90732A6}.Debug|Any CPU.ActiveCfg = Debug|Any CPU
		{AD61399A-1F15-4056-A0FB-930DD90732A6}.Debug|Any CPU.Build.0 = Debug|Any CPU
		{AD61399A-1F15-4056-A0FB-930DD90732A6}.Release|Any CPU.ActiveCfg = Release|Any CPU
		{AD61399A-1F15-4056-A0FB-930DD90732A6}.Release|Any CPU.Build.0 = Release|Any CPU
		{2751DBF7-A83D-4AFD-AA78-27C8596901C0}.Debug|Any CPU.ActiveCfg = Debug|Any CPU
		{2751DBF7-A83D-4AFD-AA78-27C8596901C0}.Debug|Any CPU.Build.0 = Debug|Any CPU
		{2751DBF7-A83D-4AFD-AA78-27C8596901C0}.Release|Any CPU.ActiveCfg = Release|Any CPU
		{2751DBF7-A83D-4AFD-AA78-27C8596901C0}.Release|Any CPU.Build.0 = Release|Any CPU
		{63CFBD9B-7CB7-4713-A556-41EDF99F8CE1}.Debug|Any CPU.ActiveCfg = Debug|Any CPU
		{63CFBD9B-7CB7-4713-A556-41EDF99F8CE1}.Debug|Any CPU.Build.0 = Debug|Any CPU
		{63CFBD9B-7CB7-4713-A556-41EDF99F8CE1}.Release|Any CPU.ActiveCfg = Release|Any CPU
		{63CFBD9B-7CB7-4713-A556-41EDF99F8CE1}.Release|Any CPU.Build.0 = Release|Any CPU
		{9E375D51-3DB4-4050-BA8F-3844343AFE90}.Debug|Any CPU.ActiveCfg = Debug|Any CPU
		{9E375D51-3DB4-4050-BA8F-3844343AFE90}.Debug|Any CPU.Build.0 = Debug|Any CPU
		{9E375D51-3DB4-4050-BA8F-3844343AFE90}.Release|Any CPU.ActiveCfg = Release|Any CPU
		{9E375D51-3DB4-4050-BA8F-3844343AFE90}.Release|Any CPU.Build.0 = Release|Any CPU
		{74AA7AD6-C3DB-4057-9CAA-7C8248B44BA5}.Debug|Any CPU.ActiveCfg = Debug|Any CPU
		{74AA7AD6-C3DB-4057-9CAA-7C8248B44BA5}.Debug|Any CPU.Build.0 = Debug|Any CPU
		{74AA7AD6-C3DB-4057-9CAA-7C8248B44BA5}.Release|Any CPU.ActiveCfg = Release|Any CPU
		{74AA7AD6-C3DB-4057-9CAA-7C8248B44BA5}.Release|Any CPU.Build.0 = Release|Any CPU
	EndGlobalSection
	GlobalSection(SolutionProperties) = preSolution
		HideSolutionNode = FALSE
	EndGlobalSection
	GlobalSection(ExtensibilityGlobals) = postSolution
		SolutionGuid = {8CF2FA6A-877B-4521-AB43-0D948C6BD4F2}
	EndGlobalSection
EndGlobal
